
Microsoft Visual Studio Solution File, Format Version 12.00
# Visual Studio 15
VisualStudioVersion = 15.0.28010.2036
MinimumVisualStudioVersion = 10.0.40219.1
Project("{FAE04EC0-301F-11D3-BF4B-00C04F79EFBC}") = "RedactorMakovei", "NewPaint\RedactorMakovei.csproj", "{35A7A826-4F74-473F-B78A-9630F6328C47}"
EndProject
Global
	GlobalSection(SolutionConfigurationPlatforms) = preSolution
		Debug|Any CPU = Debug|Any CPU
		Release|Any CPU = Release|Any CPU
	EndGlobalSection
	GlobalSection(ProjectConfigurationPlatforms) = postSolution
		{35A7A826-4F74-473F-B78A-9630F6328C47}.Debug|Any CPU.ActiveCfg = Debug|Any CPU
		{35A7A826-4F74-473F-B78A-9630F6328C47}.Debug|Any CPU.Build.0 = Debug|Any CPU
		{35A7A826-4F74-473F-B78A-9630F6328C47}.Release|Any CPU.ActiveCfg = Release|Any CPU
		{35A7A826-4F74-473F-B78A-9630F6328C47}.Release|Any CPU.Build.0 = Release|Any CPU
	EndGlobalSection
	GlobalSection(SolutionProperties) = preSolution
		HideSolutionNode = FALSE
	EndGlobalSection
	GlobalSection(ExtensibilityGlobals) = postSolution
		SolutionGuid = {E3EFA468-3A81-4208-937D-9404F88D3970}
	EndGlobalSection
EndGlobal
